
Microsoft Visual Studio Solution File, Format Version 12.00
# Visual Studio Version 17
VisualStudioVersion = 17.5.33627.172
MinimumVisualStudioVersion = 10.0.40219.1
Project("{FAE04EC0-301F-11D3-BF4B-00C04F79EFBC}") = "Super_Camp_Bot", "Super_Camp_Bot.csproj", "{8D83C3F8-47F6-45A0-AC40-80A3AD0636BF}"
EndProject
Global
	GlobalSection(SolutionConfigurationPlatforms) = preSolution
		Debug|Any CPU = Debug|Any CPU
		Release|Any CPU = Release|Any CPU
	EndGlobalSection
	GlobalSection(ProjectConfigurationPlatforms) = postSolution
		{8D83C3F8-47F6-45A0-AC40-80A3AD0636BF}.Debug|Any CPU.ActiveCfg = Debug|Any CPU
		{8D83C3F8-47F6-45A0-AC40-80A3AD0636BF}.Debug|Any CPU.Build.0 = Debug|Any CPU
		{8D83C3F8-47F6-45A0-AC40-80A3AD0636BF}.Release|Any CPU.ActiveCfg = Release|Any CPU
		{8D83C3F8-47F6-45A0-AC40-80A3AD0636BF}.Release|Any CPU.Build.0 = Release|Any CPU
	EndGlobalSection
	GlobalSection(SolutionProperties) = preSolution
		HideSolutionNode = FALSE
	EndGlobalSection
	GlobalSection(ExtensibilityGlobals) = postSolution
		SolutionGuid = {E56B2D49-EB4C-41B5-A666-022285F7DE76}
	EndGlobalSection
EndGlobal
